
Microsoft Visual Studio Solution File, Format Version 12.00
# Visual Studio Version 16
VisualStudioVersion = 16.0.31402.337
MinimumVisualStudioVersion = 10.0.40219.1
Project("{FAE04EC0-301F-11D3-BF4B-00C04F79EFBC}") = "StoreWorks", "StoreWorks\StoreWorks.csproj", "{88B29235-3977-4E05-8573-735B1952E6A6}"
EndProject
Global
	GlobalSection(SolutionConfigurationPlatforms) = preSolution
		Debug|Any CPU = Debug|Any CPU
		Release|Any CPU = Release|Any CPU
	EndGlobalSection
	GlobalSection(ProjectConfigurationPlatforms) = postSolution
		{88B29235-3977-4E05-8573-735B1952E6A6}.Debug|Any CPU.ActiveCfg = Debug|Any CPU
		{88B29235-3977-4E05-8573-735B1952E6A6}.Debug|Any CPU.Build.0 = Debug|Any CPU
		{88B29235-3977-4E05-8573-735B1952E6A6}.Release|Any CPU.ActiveCfg = Release|Any CPU
		{88B29235-3977-4E05-8573-735B1952E6A6}.Release|Any CPU.Build.0 = Release|Any CPU
	EndGlobalSection
	GlobalSection(SolutionProperties) = preSolution
		HideSolutionNode = FALSE
	EndGlobalSection
	GlobalSection(ExtensibilityGlobals) = postSolution
		SolutionGuid = {EF9FBB51-33D8-45DB-9B42-D9923C35954E}
	EndGlobalSection
EndGlobal
